
Microsoft Visual Studio Solution File, Format Version 12.00
# Visual Studio Version 17
VisualStudioVersion = 17.4.33122.133
MinimumVisualStudioVersion = 10.0.40219.1
Project("{FAE04EC0-301F-11D3-BF4B-00C04F79EFBC}") = "WEB.SCRAPING", "WEB.SCARPING\WEB.SCRAPING.csproj", "{FCC2B3AB-8E1B-4A85-B5DF-F8738C2F9080}"
EndProject
Global
	GlobalSection(SolutionConfigurationPlatforms) = preSolution
		Debug|Any CPU = Debug|Any CPU
		Release|Any CPU = Release|Any CPU
	EndGlobalSection
	GlobalSection(ProjectConfigurationPlatforms) = postSolution
		{FCC2B3AB-8E1B-4A85-B5DF-F8738C2F9080}.Debug|Any CPU.ActiveCfg = Debug|Any CPU
		{FCC2B3AB-8E1B-4A85-B5DF-F8738C2F9080}.Debug|Any CPU.Build.0 = Debug|Any CPU
		{FCC2B3AB-8E1B-4A85-B5DF-F8738C2F9080}.Release|Any CPU.ActiveCfg = Release|Any CPU
		{FCC2B3AB-8E1B-4A85-B5DF-F8738C2F9080}.Release|Any CPU.Build.0 = Release|Any CPU
	EndGlobalSection
	GlobalSection(SolutionProperties) = preSolution
		HideSolutionNode = FALSE
	EndGlobalSection
	GlobalSection(ExtensibilityGlobals) = postSolution
		SolutionGuid = {F6794B9C-9985-45F9-9373-E4F8D4FD43A9}
	EndGlobalSection
EndGlobal
